
Microsoft Visual Studio Solution File, Format Version 12.00
# Visual Studio Version 16
VisualStudioVersion = 16.0.30413.136
MinimumVisualStudioVersion = 10.0.40219.1
Project("{FAE04EC0-301F-11D3-BF4B-00C04F79EFBC}") = "NiaWicHacksGame", "NiaWicHacksGame.csproj", "{FB7C8A25-B82C-4BE0-AD93-D603848DB76A}"
EndProject
Global
	GlobalSection(SolutionConfigurationPlatforms) = preSolution
		Debug|Any CPU = Debug|Any CPU
		Release|Any CPU = Release|Any CPU
	EndGlobalSection
	GlobalSection(ProjectConfigurationPlatforms) = postSolution
		{FB7C8A25-B82C-4BE0-AD93-D603848DB76A}.Debug|Any CPU.ActiveCfg = Debug|Any CPU
		{FB7C8A25-B82C-4BE0-AD93-D603848DB76A}.Debug|Any CPU.Build.0 = Debug|Any CPU
		{FB7C8A25-B82C-4BE0-AD93-D603848DB76A}.Release|Any CPU.ActiveCfg = Release|Any CPU
		{FB7C8A25-B82C-4BE0-AD93-D603848DB76A}.Release|Any CPU.Build.0 = Release|Any CPU
	EndGlobalSection
	GlobalSection(SolutionProperties) = preSolution
		HideSolutionNode = FALSE
	EndGlobalSection
	GlobalSection(ExtensibilityGlobals) = postSolution
		SolutionGuid = {245B0206-2D95-4E45-815B-1FA7920B3737}
	EndGlobalSection
EndGlobal
